
Microsoft Visual Studio Solution File, Format Version 12.00
Project("{FAE04EC0-301F-11D3-BF4B-00C04F79EFBC}") = "Silo", "Silo\Silo.csproj", "{9A96E9C1-7E60-4E5E-9119-5EC6E4A50713}"
EndProject
Project("{FAE04EC0-301F-11D3-BF4B-00C04F79EFBC}") = "Client", "Client\Client.csproj", "{8A36CA9C-1DA6-4258-BBCB-C3B02988F075}"
EndProject
Project("{FAE04EC0-301F-11D3-BF4B-00C04F79EFBC}") = "Interfaces", "Interfaces\Interfaces.csproj", "{B7A1586D-6EA1-4088-9160-BCABA1CDF14B}"
EndProject
Project("{FAE04EC0-301F-11D3-BF4B-00C04F79EFBC}") = "Grains", "Grains\Grains.csproj", "{3BAAC304-6ACE-4537-A17C-AA14BA5C9EA2}"
EndProject
Project("{FAE04EC0-301F-11D3-BF4B-00C04F79EFBC}") = "Configuration", "Configuration\Configuration.csproj", "{2717095D-6EBC-427F-AC4F-DC0B0668967D}"
EndProject
Global
	GlobalSection(SolutionConfigurationPlatforms) = preSolution
		Debug|Any CPU = Debug|Any CPU
		Release|Any CPU = Release|Any CPU
	EndGlobalSection
	GlobalSection(ProjectConfigurationPlatforms) = postSolution
		{9A96E9C1-7E60-4E5E-9119-5EC6E4A50713}.Debug|Any CPU.ActiveCfg = Debug|Any CPU
		{9A96E9C1-7E60-4E5E-9119-5EC6E4A50713}.Debug|Any CPU.Build.0 = Debug|Any CPU
		{9A96E9C1-7E60-4E5E-9119-5EC6E4A50713}.Release|Any CPU.ActiveCfg = Release|Any CPU
		{9A96E9C1-7E60-4E5E-9119-5EC6E4A50713}.Release|Any CPU.Build.0 = Release|Any CPU
		{8A36CA9C-1DA6-4258-BBCB-C3B02988F075}.Debug|Any CPU.ActiveCfg = Debug|Any CPU
		{8A36CA9C-1DA6-4258-BBCB-C3B02988F075}.Debug|Any CPU.Build.0 = Debug|Any CPU
		{8A36CA9C-1DA6-4258-BBCB-C3B02988F075}.Release|Any CPU.ActiveCfg = Release|Any CPU
		{8A36CA9C-1DA6-4258-BBCB-C3B02988F075}.Release|Any CPU.Build.0 = Release|Any CPU
		{B7A1586D-6EA1-4088-9160-BCABA1CDF14B}.Debug|Any CPU.ActiveCfg = Debug|Any CPU
		{B7A1586D-6EA1-4088-9160-BCABA1CDF14B}.Debug|Any CPU.Build.0 = Debug|Any CPU
		{B7A1586D-6EA1-4088-9160-BCABA1CDF14B}.Release|Any CPU.ActiveCfg = Release|Any CPU
		{B7A1586D-6EA1-4088-9160-BCABA1CDF14B}.Release|Any CPU.Build.0 = Release|Any CPU
		{3BAAC304-6ACE-4537-A17C-AA14BA5C9EA2}.Debug|Any CPU.ActiveCfg = Debug|Any CPU
		{3BAAC304-6ACE-4537-A17C-AA14BA5C9EA2}.Debug|Any CPU.Build.0 = Debug|Any CPU
		{3BAAC304-6ACE-4537-A17C-AA14BA5C9EA2}.Release|Any CPU.ActiveCfg = Release|Any CPU
		{3BAAC304-6ACE-4537-A17C-AA14BA5C9EA2}.Release|Any CPU.Build.0 = Release|Any CPU
		{2717095D-6EBC-427F-AC4F-DC0B0668967D}.Debug|Any CPU.ActiveCfg = Debug|Any CPU
		{2717095D-6EBC-427F-AC4F-DC0B0668967D}.Debug|Any CPU.Build.0 = Debug|Any CPU
		{2717095D-6EBC-427F-AC4F-DC0B0668967D}.Release|Any CPU.ActiveCfg = Release|Any CPU
		{2717095D-6EBC-427F-AC4F-DC0B0668967D}.Release|Any CPU.Build.0 = Release|Any CPU
	EndGlobalSection
EndGlobal
