
Microsoft Visual Studio Solution File, Format Version 12.00
Project("{FAE04EC0-301F-11D3-BF4B-00C04F79EFBC}") = "Client", "Client\Client.csproj", "{B5945E1D-EE6F-4C22-AB27-7C170F6C5F8E}"
EndProject
Project("{FAE04EC0-301F-11D3-BF4B-00C04F79EFBC}") = "Grains", "Grains\Grains.csproj", "{4A3E9793-6FD1-46A7-9C5F-E45BD75F7844}"
EndProject
Project("{FAE04EC0-301F-11D3-BF4B-00C04F79EFBC}") = "Interfaces", "Interfaces\Interfaces.csproj", "{ECF310FE-0879-4418-93DC-A6C0DD59A197}"
EndProject
Project("{FAE04EC0-301F-11D3-BF4B-00C04F79EFBC}") = "SiloHost", "SiloHost\SiloHost.csproj", "{F20FB6A8-AF43-43B0-A493-A31C790D2F80}"
EndProject
Global
	GlobalSection(SolutionConfigurationPlatforms) = preSolution
		Debug|Any CPU = Debug|Any CPU
		Release|Any CPU = Release|Any CPU
	EndGlobalSection
	GlobalSection(ProjectConfigurationPlatforms) = postSolution
		{B5945E1D-EE6F-4C22-AB27-7C170F6C5F8E}.Debug|Any CPU.ActiveCfg = Debug|Any CPU
		{B5945E1D-EE6F-4C22-AB27-7C170F6C5F8E}.Debug|Any CPU.Build.0 = Debug|Any CPU
		{B5945E1D-EE6F-4C22-AB27-7C170F6C5F8E}.Release|Any CPU.ActiveCfg = Release|Any CPU
		{B5945E1D-EE6F-4C22-AB27-7C170F6C5F8E}.Release|Any CPU.Build.0 = Release|Any CPU
		{4A3E9793-6FD1-46A7-9C5F-E45BD75F7844}.Debug|Any CPU.ActiveCfg = Debug|Any CPU
		{4A3E9793-6FD1-46A7-9C5F-E45BD75F7844}.Debug|Any CPU.Build.0 = Debug|Any CPU
		{4A3E9793-6FD1-46A7-9C5F-E45BD75F7844}.Release|Any CPU.ActiveCfg = Release|Any CPU
		{4A3E9793-6FD1-46A7-9C5F-E45BD75F7844}.Release|Any CPU.Build.0 = Release|Any CPU
		{ECF310FE-0879-4418-93DC-A6C0DD59A197}.Debug|Any CPU.ActiveCfg = Debug|Any CPU
		{ECF310FE-0879-4418-93DC-A6C0DD59A197}.Debug|Any CPU.Build.0 = Debug|Any CPU
		{ECF310FE-0879-4418-93DC-A6C0DD59A197}.Release|Any CPU.ActiveCfg = Release|Any CPU
		{ECF310FE-0879-4418-93DC-A6C0DD59A197}.Release|Any CPU.Build.0 = Release|Any CPU
		{F20FB6A8-AF43-43B0-A493-A31C790D2F80}.Debug|Any CPU.ActiveCfg = Debug|Any CPU
		{F20FB6A8-AF43-43B0-A493-A31C790D2F80}.Debug|Any CPU.Build.0 = Debug|Any CPU
		{F20FB6A8-AF43-43B0-A493-A31C790D2F80}.Release|Any CPU.ActiveCfg = Release|Any CPU
		{F20FB6A8-AF43-43B0-A493-A31C790D2F80}.Release|Any CPU.Build.0 = Release|Any CPU
	EndGlobalSection
EndGlobal
