
Microsoft Visual Studio Solution File, Format Version 12.00
# Visual Studio Version 16
VisualStudioVersion = 16.0.30709.132
MinimumVisualStudioVersion = 15.0.26124.0
Project("{9A19103F-16F7-4668-BE54-9A1E7A4F7556}") = "Client", "Client\Client.fsproj", "{04EB5BBD-0AD6-4100-8250-34647E04B6E7}"
EndProject
Project("{6EC3EE1D-3C4E-46DD-8F32-0CC8E7565705}") = "Library", "Library\Library.fsproj", "{FC96C450-5EFC-4C60-BF49-4D24DB9B31AB}"
EndProject
Project("{F2A71F9B-5D33-465A-A702-920D77279786}") = "UnitTests", "UnitTests\src\UnitTests\UnitTests.fsproj", "{3193031C-7200-4599-918B-7EDCE4C83E5E}"
EndProject
Project("{F2A71F9B-5D33-465A-A702-920D77279786}") = "SiloHost", "SiloHost\SiloHost.fsproj", "{74E4FD74-207F-44BE-B99A-3A94AC9013B2}"
EndProject
Project("{F2A71F9B-5D33-465A-A702-920D77279786}") = "Interfaces", "Interfaces\Interfaces.fsproj", "{59BD03C2-5AE5-4456-9C56-453DFF951CB8}"
EndProject
Project("{F2A71F9B-5D33-465A-A702-920D77279786}") = "Grains", "Grains\Grains.fsproj", "{CD2F3848-E117-422E-8634-6A4877F1727D}"
EndProject
Project("{F2A71F9B-5D33-465A-A702-920D77279786}") = "OrleansConfiguration", "OrleansConfiguration\OrleansConfiguration.fsproj", "{1E6EAC5A-4D8A-4313-9D1D-30FDF785F648}"
EndProject
Global
	GlobalSection(SolutionConfigurationPlatforms) = preSolution
		Debug|Any CPU = Debug|Any CPU
		Debug|x64 = Debug|x64
		Debug|x86 = Debug|x86
		Release|Any CPU = Release|Any CPU
		Release|x64 = Release|x64
		Release|x86 = Release|x86
	EndGlobalSection
	GlobalSection(ProjectConfigurationPlatforms) = postSolution
		{04EB5BBD-0AD6-4100-8250-34647E04B6E7}.Debug|Any CPU.ActiveCfg = Debug|Any CPU
		{04EB5BBD-0AD6-4100-8250-34647E04B6E7}.Debug|Any CPU.Build.0 = Debug|Any CPU
		{04EB5BBD-0AD6-4100-8250-34647E04B6E7}.Debug|x64.ActiveCfg = Debug|Any CPU
		{04EB5BBD-0AD6-4100-8250-34647E04B6E7}.Debug|x64.Build.0 = Debug|Any CPU
		{04EB5BBD-0AD6-4100-8250-34647E04B6E7}.Debug|x86.ActiveCfg = Debug|Any CPU
		{04EB5BBD-0AD6-4100-8250-34647E04B6E7}.Debug|x86.Build.0 = Debug|Any CPU
		{04EB5BBD-0AD6-4100-8250-34647E04B6E7}.Release|Any CPU.ActiveCfg = Release|Any CPU
		{04EB5BBD-0AD6-4100-8250-34647E04B6E7}.Release|Any CPU.Build.0 = Release|Any CPU
		{04EB5BBD-0AD6-4100-8250-34647E04B6E7}.Release|x64.ActiveCfg = Release|Any CPU
		{04EB5BBD-0AD6-4100-8250-34647E04B6E7}.Release|x64.Build.0 = Release|Any CPU
		{04EB5BBD-0AD6-4100-8250-34647E04B6E7}.Release|x86.ActiveCfg = Release|Any CPU
		{04EB5BBD-0AD6-4100-8250-34647E04B6E7}.Release|x86.Build.0 = Release|Any CPU
		{FC96C450-5EFC-4C60-BF49-4D24DB9B31AB}.Debug|Any CPU.ActiveCfg = Debug|Any CPU
		{FC96C450-5EFC-4C60-BF49-4D24DB9B31AB}.Debug|Any CPU.Build.0 = Debug|Any CPU
		{FC96C450-5EFC-4C60-BF49-4D24DB9B31AB}.Debug|x64.ActiveCfg = Debug|Any CPU
		{FC96C450-5EFC-4C60-BF49-4D24DB9B31AB}.Debug|x64.Build.0 = Debug|Any CPU
		{FC96C450-5EFC-4C60-BF49-4D24DB9B31AB}.Debug|x86.ActiveCfg = Debug|Any CPU
		{FC96C450-5EFC-4C60-BF49-4D24DB9B31AB}.Debug|x86.Build.0 = Debug|Any CPU
		{FC96C450-5EFC-4C60-BF49-4D24DB9B31AB}.Release|Any CPU.ActiveCfg = Release|Any CPU
		{FC96C450-5EFC-4C60-BF49-4D24DB9B31AB}.Release|Any CPU.Build.0 = Release|Any CPU
		{FC96C450-5EFC-4C60-BF49-4D24DB9B31AB}.Release|x64.ActiveCfg = Release|Any CPU
		{FC96C450-5EFC-4C60-BF49-4D24DB9B31AB}.Release|x64.Build.0 = Release|Any CPU
		{FC96C450-5EFC-4C60-BF49-4D24DB9B31AB}.Release|x86.ActiveCfg = Release|Any CPU
		{FC96C450-5EFC-4C60-BF49-4D24DB9B31AB}.Release|x86.Build.0 = Release|Any CPU
		{3193031C-7200-4599-918B-7EDCE4C83E5E}.Debug|Any CPU.ActiveCfg = Debug|Any CPU
		{3193031C-7200-4599-918B-7EDCE4C83E5E}.Debug|Any CPU.Build.0 = Debug|Any CPU
		{3193031C-7200-4599-918B-7EDCE4C83E5E}.Debug|x64.ActiveCfg = Debug|Any CPU
		{3193031C-7200-4599-918B-7EDCE4C83E5E}.Debug|x64.Build.0 = Debug|Any CPU
		{3193031C-7200-4599-918B-7EDCE4C83E5E}.Debug|x86.ActiveCfg = Debug|Any CPU
		{3193031C-7200-4599-918B-7EDCE4C83E5E}.Debug|x86.Build.0 = Debug|Any CPU
		{3193031C-7200-4599-918B-7EDCE4C83E5E}.Release|Any CPU.ActiveCfg = Release|Any CPU
		{3193031C-7200-4599-918B-7EDCE4C83E5E}.Release|Any CPU.Build.0 = Release|Any CPU
		{3193031C-7200-4599-918B-7EDCE4C83E5E}.Release|x64.ActiveCfg = Release|Any CPU
		{3193031C-7200-4599-918B-7EDCE4C83E5E}.Release|x64.Build.0 = Release|Any CPU
		{3193031C-7200-4599-918B-7EDCE4C83E5E}.Release|x86.ActiveCfg = Release|Any CPU
		{3193031C-7200-4599-918B-7EDCE4C83E5E}.Release|x86.Build.0 = Release|Any CPU
		{74E4FD74-207F-44BE-B99A-3A94AC9013B2}.Debug|Any CPU.ActiveCfg = Debug|Any CPU
		{74E4FD74-207F-44BE-B99A-3A94AC9013B2}.Debug|Any CPU.Build.0 = Debug|Any CPU
		{74E4FD74-207F-44BE-B99A-3A94AC9013B2}.Debug|x64.ActiveCfg = Debug|Any CPU
		{74E4FD74-207F-44BE-B99A-3A94AC9013B2}.Debug|x64.Build.0 = Debug|Any CPU
		{74E4FD74-207F-44BE-B99A-3A94AC9013B2}.Debug|x86.ActiveCfg = Debug|Any CPU
		{74E4FD74-207F-44BE-B99A-3A94AC9013B2}.Debug|x86.Build.0 = Debug|Any CPU
		{74E4FD74-207F-44BE-B99A-3A94AC9013B2}.Release|Any CPU.ActiveCfg = Release|Any CPU
		{74E4FD74-207F-44BE-B99A-3A94AC9013B2}.Release|Any CPU.Build.0 = Release|Any CPU
		{74E4FD74-207F-44BE-B99A-3A94AC9013B2}.Release|x64.ActiveCfg = Release|Any CPU
		{74E4FD74-207F-44BE-B99A-3A94AC9013B2}.Release|x64.Build.0 = Release|Any CPU
		{74E4FD74-207F-44BE-B99A-3A94AC9013B2}.Release|x86.ActiveCfg = Release|Any CPU
		{74E4FD74-207F-44BE-B99A-3A94AC9013B2}.Release|x86.Build.0 = Release|Any CPU
		{59BD03C2-5AE5-4456-9C56-453DFF951CB8}.Debug|Any CPU.ActiveCfg = Debug|Any CPU
		{59BD03C2-5AE5-4456-9C56-453DFF951CB8}.Debug|Any CPU.Build.0 = Debug|Any CPU
		{59BD03C2-5AE5-4456-9C56-453DFF951CB8}.Debug|x64.ActiveCfg = Debug|Any CPU
		{59BD03C2-5AE5-4456-9C56-453DFF951CB8}.Debug|x64.Build.0 = Debug|Any CPU
		{59BD03C2-5AE5-4456-9C56-453DFF951CB8}.Debug|x86.ActiveCfg = Debug|Any CPU
		{59BD03C2-5AE5-4456-9C56-453DFF951CB8}.Debug|x86.Build.0 = Debug|Any CPU
		{59BD03C2-5AE5-4456-9C56-453DFF951CB8}.Release|Any CPU.ActiveCfg = Release|Any CPU
		{59BD03C2-5AE5-4456-9C56-453DFF951CB8}.Release|Any CPU.Build.0 = Release|Any CPU
		{59BD03C2-5AE5-4456-9C56-453DFF951CB8}.Release|x64.ActiveCfg = Release|Any CPU
		{59BD03C2-5AE5-4456-9C56-453DFF951CB8}.Release|x64.Build.0 = Release|Any CPU
		{59BD03C2-5AE5-4456-9C56-453DFF951CB8}.Release|x86.ActiveCfg = Release|Any CPU
		{59BD03C2-5AE5-4456-9C56-453DFF951CB8}.Release|x86.Build.0 = Release|Any CPU
		{CD2F3848-E117-422E-8634-6A4877F1727D}.Debug|Any CPU.ActiveCfg = Debug|Any CPU
		{CD2F3848-E117-422E-8634-6A4877F1727D}.Debug|Any CPU.Build.0 = Debug|Any CPU
		{CD2F3848-E117-422E-8634-6A4877F1727D}.Debug|x64.ActiveCfg = Debug|Any CPU
		{CD2F3848-E117-422E-8634-6A4877F1727D}.Debug|x64.Build.0 = Debug|Any CPU
		{CD2F3848-E117-422E-8634-6A4877F1727D}.Debug|x86.ActiveCfg = Debug|Any CPU
		{CD2F3848-E117-422E-8634-6A4877F1727D}.Debug|x86.Build.0 = Debug|Any CPU
		{CD2F3848-E117-422E-8634-6A4877F1727D}.Release|Any CPU.ActiveCfg = Release|Any CPU
		{CD2F3848-E117-422E-8634-6A4877F1727D}.Release|Any CPU.Build.0 = Release|Any CPU
		{CD2F3848-E117-422E-8634-6A4877F1727D}.Release|x64.ActiveCfg = Release|Any CPU
		{CD2F3848-E117-422E-8634-6A4877F1727D}.Release|x64.Build.0 = Release|Any CPU
		{CD2F3848-E117-422E-8634-6A4877F1727D}.Release|x86.ActiveCfg = Release|Any CPU
		{CD2F3848-E117-422E-8634-6A4877F1727D}.Release|x86.Build.0 = Release|Any CPU
		{1E6EAC5A-4D8A-4313-9D1D-30FDF785F648}.Debug|Any CPU.ActiveCfg = Debug|Any CPU
		{1E6EAC5A-4D8A-4313-9D1D-30FDF785F648}.Debug|Any CPU.Build.0 = Debug|Any CPU
		{1E6EAC5A-4D8A-4313-9D1D-30FDF785F648}.Debug|x64.ActiveCfg = Debug|Any CPU
		{1E6EAC5A-4D8A-4313-9D1D-30FDF785F648}.Debug|x64.Build.0 = Debug|Any CPU
		{1E6EAC5A-4D8A-4313-9D1D-30FDF785F648}.Debug|x86.ActiveCfg = Debug|Any CPU
		{1E6EAC5A-4D8A-4313-9D1D-30FDF785F648}.Debug|x86.Build.0 = Debug|Any CPU
		{1E6EAC5A-4D8A-4313-9D1D-30FDF785F648}.Release|Any CPU.ActiveCfg = Release|Any CPU
		{1E6EAC5A-4D8A-4313-9D1D-30FDF785F648}.Release|Any CPU.Build.0 = Release|Any CPU
		{1E6EAC5A-4D8A-4313-9D1D-30FDF785F648}.Release|x64.ActiveCfg = Release|Any CPU
		{1E6EAC5A-4D8A-4313-9D1D-30FDF785F648}.Release|x64.Build.0 = Release|Any CPU
		{1E6EAC5A-4D8A-4313-9D1D-30FDF785F648}.Release|x86.ActiveCfg = Release|Any CPU
		{1E6EAC5A-4D8A-4313-9D1D-30FDF785F648}.Release|x86.Build.0 = Release|Any CPU
	EndGlobalSection
	GlobalSection(SolutionProperties) = preSolution
		HideSolutionNode = FALSE
	EndGlobalSection
	GlobalSection(ExtensibilityGlobals) = postSolution
		SolutionGuid = {D22AF772-9F5D-4243-B362-0C1335065076}
	EndGlobalSection
EndGlobal
